
Microsoft Visual Studio Solution File, Format Version 12.00
# Visual Studio Version 16
VisualStudioVersion = 16.0.30104.148
MinimumVisualStudioVersion = 10.0.40219.1
Project("{FAE04EC0-301F-11D3-BF4B-00C04F79EFBC}") = "UP6", "UP6\UP6.csproj", "{F03587F2-AAEE-4EAF-B943-282B50B00A17}"
EndProject
Global
	GlobalSection(SolutionConfigurationPlatforms) = preSolution
		Debug|Any CPU = Debug|Any CPU
		Release|Any CPU = Release|Any CPU
	EndGlobalSection
	GlobalSection(ProjectConfigurationPlatforms) = postSolution
		{F03587F2-AAEE-4EAF-B943-282B50B00A17}.Debug|Any CPU.ActiveCfg = Debug|Any CPU
		{F03587F2-AAEE-4EAF-B943-282B50B00A17}.Debug|Any CPU.Build.0 = Debug|Any CPU
		{F03587F2-AAEE-4EAF-B943-282B50B00A17}.Release|Any CPU.ActiveCfg = Release|Any CPU
		{F03587F2-AAEE-4EAF-B943-282B50B00A17}.Release|Any CPU.Build.0 = Release|Any CPU
	EndGlobalSection
	GlobalSection(SolutionProperties) = preSolution
		HideSolutionNode = FALSE
	EndGlobalSection
	GlobalSection(ExtensibilityGlobals) = postSolution
		SolutionGuid = {8217D460-FA05-4FD6-AB6A-65B4FCF58907}
	EndGlobalSection
EndGlobal
